
Microsoft Visual Studio Solution File, Format Version 12.00
# Visual Studio Version 17
VisualStudioVersion = 17.10.35122.118
MinimumVisualStudioVersion = 10.0.40219.1
Project("{FAE04EC0-301F-11D3-BF4B-00C04F79EFBC}") = "FLYR_Task_ConsoleApp", "FLYR_Task_ConsoleApp\FLYR_Task_ConsoleApp.csproj", "{390379B2-CB00-4328-876A-E90B9B1CB0E2}"
EndProject
Global
	GlobalSection(SolutionConfigurationPlatforms) = preSolution
		Debug|Any CPU = Debug|Any CPU
		Release|Any CPU = Release|Any CPU
	EndGlobalSection
	GlobalSection(ProjectConfigurationPlatforms) = postSolution
		{390379B2-CB00-4328-876A-E90B9B1CB0E2}.Debug|Any CPU.ActiveCfg = Debug|Any CPU
		{390379B2-CB00-4328-876A-E90B9B1CB0E2}.Debug|Any CPU.Build.0 = Debug|Any CPU
		{390379B2-CB00-4328-876A-E90B9B1CB0E2}.Release|Any CPU.ActiveCfg = Release|Any CPU
		{390379B2-CB00-4328-876A-E90B9B1CB0E2}.Release|Any CPU.Build.0 = Release|Any CPU
	EndGlobalSection
	GlobalSection(SolutionProperties) = preSolution
		HideSolutionNode = FALSE
	EndGlobalSection
	GlobalSection(ExtensibilityGlobals) = postSolution
		SolutionGuid = {BBF7CE7D-BDAF-4FCD-810E-F6561DA5A0B0}
	EndGlobalSection
EndGlobal
